
Microsoft Visual Studio Solution File, Format Version 12.00
# Visual Studio Version 16
VisualStudioVersion = 16.0.32228.343
MinimumVisualStudioVersion = 10.0.40219.1
Project("{9A19103F-16F7-4668-BE54-9A1E7A4F7556}") = "asp.net core 5 InAndOut", "asp.net core 5 InAndOut.csproj", "{E18FAA8B-2071-4ED6-9BD2-3BEE52B6EB40}"
EndProject
Global
	GlobalSection(SolutionConfigurationPlatforms) = preSolution
		Debug|Any CPU = Debug|Any CPU
		Release|Any CPU = Release|Any CPU
	EndGlobalSection
	GlobalSection(ProjectConfigurationPlatforms) = postSolution
		{E18FAA8B-2071-4ED6-9BD2-3BEE52B6EB40}.Debug|Any CPU.ActiveCfg = Debug|Any CPU
		{E18FAA8B-2071-4ED6-9BD2-3BEE52B6EB40}.Debug|Any CPU.Build.0 = Debug|Any CPU
		{E18FAA8B-2071-4ED6-9BD2-3BEE52B6EB40}.Release|Any CPU.ActiveCfg = Release|Any CPU
		{E18FAA8B-2071-4ED6-9BD2-3BEE52B6EB40}.Release|Any CPU.Build.0 = Release|Any CPU
	EndGlobalSection
	GlobalSection(SolutionProperties) = preSolution
		HideSolutionNode = FALSE
	EndGlobalSection
	GlobalSection(ExtensibilityGlobals) = postSolution
		SolutionGuid = {BF7EC3B8-0628-4F9D-9113-0ECEC8B4211D}
	EndGlobalSection
EndGlobal
